<?xml version="1.0" encoding="utf-8"?>
<Project ToolsVersion="4.0" xmlns="http://schemas.microsoft.com/developer/msbuild/2003">
  <ItemGroup>
    <Filter Include="Source Files">
      <UniqueIdentifier>{4FC737F1-C7A5-4376-A066-2A32D752A2FF}</UniqueIdentifier>
      <Extensions>cpp;c;cc;cxx;def;odl;idl;hpj;bat;asm;asmx</Extensions>
    </Filter>
    <Filter Include="Header Files">
      <UniqueIdentifier>{93995380-89BD-4b04-88EB-625FBE52EBFB}</UniqueIdentifier>
      <Extensions>h;hpp;hxx;hm;inl;inc;xsd</Extensions>
    </Filter>
    <Filter Include="Resource Files">
      <UniqueIdentifier>{67DA6AB6-F800-4c08-8B7A-83BB121AAD01}</UniqueIdentifier>
      <Extensions>rc;ico;cur;bmp;dlg;rc2;rct;bin;rgs;gif;jpg;jpeg;jpe;resx;tiff;tif;png;wav;mfcribbon-ms</Extensions>
    </Filter>
    <Filter Include="Source Files\GUI">
      <UniqueIdentifier>{44841dc8-a60d-4a7d-ab17-8d230739481b}</UniqueIdentifier>
    </Filter>
    <Filter Include="Header Files\GUI">
      <UniqueIdentifier>{022855fc-66b0-4bc8-9664-b6bac1bb686e}</UniqueIdentifier>
    </Filter>
  </ItemGroup>
  <ItemGroup>
    <ClCompile Include="main.c">
      <Filter>Source Files</Filter>
    </ClCompile>
    <ClCompile Include="stack.c">
      <Filter>Source Files</Filter>
    </ClCompile>
    <ClCompile Include="maze_create.c">
      <Filter>Source Files</Filter>
    </ClCompile>
    <ClCompile Include="maze_solve.c">
      <Filter>Source Files</Filter>
    </ClCompile>
    <ClCompile Include="maze_gui.c">
      <Filter>Source Files\GUI</Filter>
    </ClCompile>
    <ClCompile Include="screen_resolution.c">
      <Filter>Source Files\GUI</Filter>
    </ClCompile>
    <ClCompile Include="start_animation.c">
      <Filter>Source Files\GUI</Filter>
    </ClCompile>
    <ClCompile Include="controls.c">
      <Filter>Source Files\GUI</Filter>
    </ClCompile>
    <ClCompile Include="position_cursor.c">
      <Filter>Source Files\GUI</Filter>
    </ClCompile>
    <ClCompile Include="colors.c">
      <Filter>Source Files\GUI</Filter>
    </ClCompile>
    <ClCompile Include="main_menu.c">
      <Filter>Source Files\GUI</Filter>
    </ClCompile>
    <ClCompile Include="start_game.c">
      <Filter>Source Files</Filter>
    </ClCompile>
    <ClCompile Include="background.c">
      <Filter>Source Files\GUI</Filter>
    </ClCompile>
    <ClCompile Include="help.c">
      <Filter>Source Files\GUI</Filter>
    </ClCompile>
    <ClCompile Include="about.c">
      <Filter>Source Files\GUI</Filter>
    </ClCompile>
    <ClCompile Include="out_animation.c">
      <Filter>Source Files\GUI</Filter>
    </ClCompile>
    <ClCompile Include="options.c">
      <Filter>Source Files\GUI</Filter>
    </ClCompile>
    <ClCompile Include="game_over.c">
      <Filter>Source Files\GUI</Filter>
    </ClCompile>
  </ItemGroup>
  <ItemGroup>
    <ClInclude Include="maze_create.h">
      <Filter>Header Files</Filter>
    </ClInclude>
    <ClInclude Include="stack.h">
      <Filter>Header Files</Filter>
    </ClInclude>
    <ClInclude Include="maze_solve.h">
      <Filter>Header Files</Filter>
    </ClInclude>
    <ClInclude Include="maze_gui.h">
      <Filter>Header Files\GUI</Filter>
    </ClInclude>
    <ClInclude Include="screen_resolution.h">
      <Filter>Header Files\GUI</Filter>
    </ClInclude>
    <ClInclude Include="start_animation.h">
      <Filter>Header Files\GUI</Filter>
    </ClInclude>
    <ClInclude Include="controls.h">
      <Filter>Header Files\GUI</Filter>
    </ClInclude>
    <ClInclude Include="position_cursor.h">
      <Filter>Header Files\GUI</Filter>
    </ClInclude>
    <ClInclude Include="colors.h">
      <Filter>Header Files\GUI</Filter>
    </ClInclude>
    <ClInclude Include="main_menu.h">
      <Filter>Header Files\GUI</Filter>
    </ClInclude>
    <ClInclude Include="start_game.h">
      <Filter>Header Files</Filter>
    </ClInclude>
    <ClInclude Include="background.h">
      <Filter>Header Files\GUI</Filter>
    </ClInclude>
    <ClInclude Include="help.h">
      <Filter>Header Files\GUI</Filter>
    </ClInclude>
    <ClInclude Include="about.h">
      <Filter>Header Files\GUI</Filter>
    </ClInclude>
    <ClInclude Include="out_animation.h">
      <Filter>Header Files\GUI</Filter>
    </ClInclude>
    <ClInclude Include="options.h">
      <Filter>Header Files\GUI</Filter>
    </ClInclude>
    <ClInclude Include="game_over.h">
      <Filter>Header Files\GUI</Filter>
    </ClInclude>
  </ItemGroup>
</Project>